version = 1
revision = 3
requires-python = ">=3.11, <3.13"

[[package]]
name = "colorama"
version = "0.4.6"
source = { registry = "https://pypi.org/simple" }
sdist = { url = "https://files.pythonhosted.org/packages/d8/53/6f443c9a4a8358a93a6792e2acffb9d9d5cb0a5cfd8802644b7b1c9a02e4/colorama-0.4.6.tar.gz", hash = "sha256:08695f5cb7ed6e0531a20572697297273c47b8cae5a63ffc6d6ed5c201be6e44", size = 27697, upload-time = "2022-10-25T02:36:22.414Z" }
wheels = [
    { url = "https://files.pythonhosted.org/packages/d1/d6/3965ed04c63042e047cb6a3e6ed1a63a35087b6a609aa3a15ed8ac56c221/colorama-0.4.6-py2.py3-none-any.whl", hash = "sha256:4f1d9991f5acc0ca119f9d443620b77f9d6b33703e51011c16baf57afb285fc6", size = 25335, upload-time = "2022-10-25T02:36:20.889Z" },
]

[[package]]
name = "exulanica-lettering-tool"
version = "0.1.0"
source = { virtual = "." }
dependencies = [
    { name = "fonttools" },
]

[package.dev-dependencies]
dev = [
    { name = "pytest" },
]

[package.metadata]
requires-dist = [{ name = "fonttools", specifier = "==4.65.0" }]

[package.metadata.requires-dev]
dev = [{ name = "pytest", specifier = ">=8" }]

[[package]]
name = "fonttools"
version = "4.65.0"
source = { registry = "https://pypi.org/simple" }
sdist = { url = "https://files.pythonhosted.org/packages/77/51/d63c7e52163ac14393a35bd14bd7c0da95f8f74be5d7cc988092f9965129/fonttools-4.65.0.tar.gz", hash = "sha256:762ba5431358d0dbd4a01982484a1d494fb267e91f974cdcf20b80eab8560f6f", size = 3674467, upload-time = "2026-09-10T15:35:54.955Z" }
wheels = [
    { url = "https://files.pythonhosted.org/packages/62/9e/58250cdc54d96fcfacb544e12997a6390fa4e6b71ae2241cfcfe5b341803/fonttools-4.65.0-cp311-cp311-macosx_10_9_universal2.whl", hash = "sha256:06273c71e692caf5989c0437ca50875a5e49e216ddf653228fe9bb35bdc82c0f", size = 3089141, upload-time = "2026-09-10T15:33:24.509Z" },
    { url = "https://files.pythonhosted.org/packages/3e/67/0f0416069e38da0a1327a847a2e8dd1edb425d0043d8a3e63eb940070209/fonttools-4.65.0-cp311-cp311-macosx_10_9_x86_64.whl", hash = "sha256:ca2b02d74e9ad7e21a1d11e4701425800a4b0c63cf90486e60258262feccbcbf", size = 2584298, upload-time = "2026-09-10T15:33:26.598Z" },
    { url = "https://files.pythonhosted.org/packages/99/0d/7e40e9957359afc0bab081131c215370a6d2d203361bb6f945ab595e924c/fonttools-4.65.0-cp311-cp311-manylinux2014_aarch64.manylinux_2_17_aarch64.manylinux_2_28_aarch64.whl", hash = "sha256:7830e9fa3bebc44dbc27ff44d8201def30ea5c48a773696d58e69e6bcd9cd5d4", size = 5498163, upload-time = "2026-09-10T15:33:29.071Z" },
    { url = "https://files.pythonhosted.org/packages/a1/e6/e48cf0a272a5d4d17a09d44f92727e67f975ddfa94acc8464763d19a654d/fonttools-4.65.0-cp311-cp311-manylinux2014_x86_64.manylinux_2_17_x86_64.whl", hash = "sha256:a3991732c87b3f054a2a8cf86dd0d602833fa8cb37c911503173771646e1013d", size = 5457456, upload-time = "2026-09-10T15:33:31.918Z" },
    { url = "https://files.pythonhosted.org/packages/e4/8a/a5c67ddeda82ee5e4ec3bc52ac1cbb685f0bb7a0516badc55643b454ab0d/fonttools-4.65.0-cp311-cp311-musllinux_1_2_aarch64.whl", hash = "sha256:6031e77b3fb8c765055ba2b8bd8dcb17030f3bf2484c448b472fdedf4460ba80", size = 5464334, upload-time = "2026-09-10T15:33:34.605Z" },
    { url = "https://files.pythonhosted.org/packages/d7/16/294e77383b2d39c9f8f25144a7ba23fe1cbbc05227cc72545097785ff07c/fonttools-4.65.0-cp311-cp311-musllinux_1_2_x86_64.whl", hash = "sha256:6813cc1e2e883bd6c15b3e04f72c78dc65fdc4ca861063adf5f341fbaec2ca62", size = 5595597, upload-time = "2026-09-10T15:33:37.591Z" },
    { url = "https://files.pythonhosted.org/packages/80/01/8e74ce8626c734959c782f2d89af8e9f14d078fd3d4ddf8b5a51401ae475/fonttools-4.65.0-cp311-cp311-win32.whl", hash = "sha256:4a5db8442453da4b6f43ad325879381b726bf2238a2253efd9584be21a2cefc2", size = 2441114, upload-time = "2026-09-10T15:33:40.592Z" },
    { url = "https://files.pythonhosted.org/packages/37/3e/835dc6c658426e2670b7f38c38295492fcbaeb06080e9dce89ce8105993c/fonttools-4.65.0-cp311-cp311-win_amd64.whl", hash = "sha256:9f201796c8e24e657be77c16fa664e798a46122144217f90838982937a964f0a", size = 2498823, upload-time = "2026-09-10T15:33:43.402Z" },
    { url = "https://files.pythonhosted.org/packages/58/db/242fa4fce7f632c5f7ab15585343393b25792510c0c32bd218ad24d59f1c/fonttools-4.65.0-cp312-cp312-macosx_10_13_universal2.whl", hash = "sha256:e844a45c9e5ced6536f184cf1a65b5d65e8f7e711993b413e10500a8223622e5", size = 3097120, upload-time = "2026-09-10T15:33:46Z" },
    { url = "https://files.pythonhosted.org/packages/a0/b6/42fa4d373416675f74446421cf0b2badb82a4245c60745f05f424f75c649/fonttools-4.65.0-cp312-cp312-macosx_10_13_x86_64.whl", hash = "sha256:b30e953de049bf43fc0a63c7d0c44d205c923e4bbf24716aae1518c0e65f977c", size = 2584658, upload-time = "2026-09-10T15:33:48.473Z" },
    { url = "https://files.pythonhosted.org/packages/75/6f/d589b9d62280a846c77a2c383d852c6dcb79ae8aa02bf0fa46c8577af145/fonttools-4.65.0-cp312-cp312-manylinux2014_aarch64.manylinux_2_17_aarch64.manylinux_2_28_aarch64.whl", hash = "sha256:09c34bdeed8915bfb53bee0c8ed2254dbd8ec69c0014b7f3702f347c049bf358", size = 5425737, upload-time = "2026-09-10T15:33:51.473Z" },
    { url = "https://files.pythonhosted.org/packages/b5/09/de2c0c20a42c18e565a2617932beb08c06697bbdd0d3f62b108262e11583/fonttools-4.65.0-cp312-cp312-manylinux2014_x86_64.manylinux_2_17_x86_64.whl", hash = "sha256:05595385ae99f4b9626cebb973bf171b8fe38a8f40708e6e42abba0ed7537778", size = 5402463, upload-time = "2026-09-10T15:33:54.907Z" },
    { url = "https://files.pythonhosted.org/packages/79/2e/bc0f5c9dce21821454bb5812d3b23410bca33c8bbd5468386d0327aa0cff/fonttools-4.65.0-cp312-cp312-musllinux_1_2_aarch64.whl", hash = "sha256:d95b34dd68fbfc0e4a1740c421597656117f979ed8dc85de66e08f9f9981806e", size = 5362168, upload-time = "2026-09-10T15:33:57.481Z" },
    { url = "https://files.pythonhosted.org/packages/1f/0d/2116763ade7e71e0e5d421babe1785d745be9b3d605bf914792ce1c97f79/fonttools-4.65.0-cp312-cp312-musllinux_1_2_x86_64.whl", hash = "sha256:924d06e6130429168318db71c40174a765ad016fc4b56ca811287e3d7373b3a6", size = 5524117, upload-time = "2026-09-10T15:34:00.021Z" },
    { url = "https://files.pythonhosted.org/packages/e2/5e/f9600553b9f645e3068553831685ff1dab6259536a23b38d2e048de38f17/fonttools-4.65.0-cp312-cp312-win32.whl", hash = "sha256:04f73dd01005752a6e75cf4a8dc6b70dc724d1d4bc34cc89522153f4a2f07680", size = 2432089, upload-time = "2026-09-10T15:34:02.803Z" },
    { url = "https://files.pythonhosted.org/packages/3a/02/e436a6a1863b9862bab9f82d6da33055dd7aa3738017edd902a163525dc2/fonttools-4.65.0-cp312-cp312-win_amd64.whl", hash = "sha256:3b5d9ba89edf778b376e669b879ae33a198bf45cf5a23c3f6514f935cf9d0d9d", size = 2483475, upload-time = "2026-09-10T15:34:05.09Z" },
    { url = "https://files.pythonhosted.org/packages/e6/35/f894ceb867118c0261d0f69a9bd516b045a3754238f76c88a49513ac7a83/fonttools-4.65.0-py3-none-any.whl", hash = "sha256:3060b8c1fc2329fa20265b7c138614143ea7c1624e26c5c180c76aeb74deae6f", size = 1196441, upload-time = "2026-09-10T15:35:52.347Z" },
]

[[package]]
name = "iniconfig"
version = "2.3.0"
source = { registry = "https://pypi.org/simple" }
sdist = { url = "https://files.pythonhosted.org/packages/72/34/14ca021ce8e5dfedc35312d08ba8bf51fdd999c576889fc2c24cb97f4f10/iniconfig-2.3.0.tar.gz", hash = "sha256:c76315c77db068650d49c5b56314774a7804df16fee4402c1f19d6d15d8c4730", size = 20503, upload-time = "2025-10-18T21:55:43.219Z" }
wheels = [
    { url = "https://files.pythonhosted.org/packages/cb/b1/3846dd7f199d53cb17f49cba7e651e9ce294d8497c8c150530ed11865bb8/iniconfig-2.3.0-py3-none-any.whl", hash = "sha256:f631c04d2c48c52b84d0d0549c99ff3859c98df65b3101406327ecc7d53fbf12", size = 7484, upload-time = "2025-10-18T21:55:41.639Z" },
]

[[package]]
name = "packaging"
version = "26.3"
source = { registry = "https://pypi.org/simple" }
sdist = { url = "https://files.pythonhosted.org/packages/7d/fa/3944b40b07da9ce895c0e6303a5ab7d53da063554f534556b134a54d6093/packaging-26.3.tar.gz", hash = "sha256:94edc256424af38762eb31306eed28beb9f0efc50a8837492c9d6fd6004aed79", size = 313412, upload-time = "2026-08-04T18:15:28.737Z" }
wheels = [
    { url = "https://files.pythonhosted.org/packages/63/34/ba1c580383c9eada3711951fef0795c80b829a078d72188184bcab9dd527/packaging-26.3-py3-none-any.whl", hash = "sha256:d7193f7c8e4e93f444fde0262bf90af30e16fa0ad0ad44cb553c87339b23cd1c", size = 129956, upload-time = "2026-08-04T18:15:27.159Z" },
]

[[package]]
name = "pluggy"
version = "1.6.0"
source = { registry = "https://pypi.org/simple" }
sdist = { url = "https://files.pythonhosted.org/packages/f9/e2/3e91f31a7d2b083fe6ef3fa267035b518369d9511ffab804f839851d2779/pluggy-1.6.0.tar.gz", hash = "sha256:7dcc130b76258d33b90f61b658791dede3486c3e6bfb003ee5c9bfb396dd22f3", size = 69412, upload-time = "2025-05-15T12:30:07.975Z" }
wheels = [
    { url = "https://files.pythonhosted.org/packages/54/20/4d324d65cc6d9205fabedc306948156824eb9f0ee1633355a8f7ec5c66bf/pluggy-1.6.0-py3-none-any.whl", hash = "sha256:e920276dd6813095e9377c0bc5566d94c932c33b27a3e3945d8389c374dd4746", size = 20538, upload-time = "2025-05-15T12:30:06.134Z" },
]

[[package]]
name = "pygments"
version = "2.21.0"
source = { registry = "https://pypi.org/simple" }
sdist = { url = "https://files.pythonhosted.org/packages/49/2e/ced460408999b33da6b31b0021b0f37d329e202d4169aeb164493778f25b/pygments-2.21.0.tar.gz", hash = "sha256:610ca751c9bc2492b38eb9a38a7fbc93edbbb2d7182edaf34e66ae493dee5c8c", size = 5005329, upload-time = "2026-08-17T08:02:48.824Z" }
wheels = [
    { url = "https://files.pythonhosted.org/packages/71/46/17f022dd3e953bf20a04a028a21ec746d942f8d2af30fa0f124fa0e6a684/pygments-2.21.0-py3-none-any.whl", hash = "sha256:2363c69b61c4a97c838da3b130dcd6468f4848992b21a82f2a63ec34377137d9", size = 1250147, upload-time = "2026-08-17T08:02:44.912Z" },
]

[[package]]
name = "pytest"
version = "9.1.1"
source = { registry = "https://pypi.org/simple" }
dependencies = [
    { name = "colorama", marker = "sys_platform == 'win32'" },
    { name = "iniconfig" },
    { name = "packaging" },
    { name = "pluggy" },
    { name = "pygments" },
]
sdist = { url = "https://files.pythonhosted.org/packages/e4/47/b9efed96c114afcfa3c9d3fe98a76a1d14c74a9e266d397cf6eb64be5e01/pytest-9.1.1.tar.gz", hash = "sha256:1088fbde8f2b49d95a549a195707afa7a76a3ce9bcadc26b6d71f0ffda5fe313", size = 1636369, upload-time = "2026-06-19T10:58:32.857Z" }
wheels = [
    { url = "https://files.pythonhosted.org/packages/24/25/1de2678b631f5a49215c6c96fff41ba892b0a34df68d6d80292b1b48aa7f/pytest-9.1.1-py3-none-any.whl", hash = "sha256:37a86b45efb9a47a61a36449063e8e18d0cab3161329fc099eb21783169c4f0c", size = 386536, upload-time = "2026-06-19T10:58:31.347Z" },
]
